
Microsoft Visual Studio Solution File, Format Version 12.00
# Visual Studio 15
VisualStudioVersion = 15.0.28307.902
MinimumVisualStudioVersion = 10.0.40219.1
Project("{8BC9CEB8-8B4A-11D0-8D11-00A0C91BC942}") = "TimeClock", "TimeClock\TimeClock.vcxproj", "{249563F7-8288-4634-AC25-E549E864928F}"
EndProject
Global
	GlobalSection(SolutionConfigurationPlatforms) = preSolution
		Debug|x64 = Debug|x64
		Debug|x86 = Debug|x86
		Release|x64 = Release|x64
		Release|x86 = Release|x86
	EndGlobalSection
	GlobalSection(ProjectConfigurationPlatforms) = postSolution
		{249563F7-8288-4634-AC25-E549E864928F}.Debug|x64.ActiveCfg = Debug|x64
		{249563F7-8288-4634-AC25-E549E864928F}.Debug|x64.Build.0 = Debug|x64
		{249563F7-8288-4634-AC25-E549E864928F}.Debug|x86.ActiveCfg = Debug|Win32
		{249563F7-8288-4634-AC25-E549E864928F}.Debug|x86.Build.0 = Debug|Win32
		{249563F7-8288-4634-AC25-E549E864928F}.Release|x64.ActiveCfg = Release|x64
		{249563F7-8288-4634-AC25-E549E864928F}.Release|x64.Build.0 = Release|x64
		{249563F7-8288-4634-AC25-E549E864928F}.Release|x86.ActiveCfg = Release|Win32
		{249563F7-8288-4634-AC25-E549E864928F}.Release|x86.Build.0 = Release|Win32
	EndGlobalSection
	GlobalSection(SolutionProperties) = preSolution
		HideSolutionNode = FALSE
	EndGlobalSection
	GlobalSection(ExtensibilityGlobals) = postSolution
		SolutionGuid = {F6E1A2CE-4B47-47A2-8EFD-55D5B8DC4159}
	EndGlobalSection
EndGlobal
